
Microsoft Visual Studio Solution File, Format Version 12.00
# Visual Studio Version 16
VisualStudioVersion = 16.0.31702.278
MinimumVisualStudioVersion = 10.0.40219.1
Project("{FAE04EC0-301F-11D3-BF4B-00C04F79EFBC}") = "TermProjectV1", "TermProjectV1.csproj", "{059DA2E5-1304-4AA4-A819-8D33E8D50142}"
EndProject
Global
	GlobalSection(SolutionConfigurationPlatforms) = preSolution
		Debug|Any CPU = Debug|Any CPU
		Release|Any CPU = Release|Any CPU
	EndGlobalSection
	GlobalSection(ProjectConfigurationPlatforms) = postSolution
		{059DA2E5-1304-4AA4-A819-8D33E8D50142}.Debug|Any CPU.ActiveCfg = Debug|Any CPU
		{059DA2E5-1304-4AA4-A819-8D33E8D50142}.Debug|Any CPU.Build.0 = Debug|Any CPU
		{059DA2E5-1304-4AA4-A819-8D33E8D50142}.Release|Any CPU.ActiveCfg = Release|Any CPU
		{059DA2E5-1304-4AA4-A819-8D33E8D50142}.Release|Any CPU.Build.0 = Release|Any CPU
	EndGlobalSection
	GlobalSection(SolutionProperties) = preSolution
		HideSolutionNode = FALSE
	EndGlobalSection
	GlobalSection(ExtensibilityGlobals) = postSolution
		SolutionGuid = {91D04E08-23C1-4C01-A6D1-A42908511428}
	EndGlobalSection
EndGlobal
